lockfileVersion: '9.0'

settings:
  autoInstallPeers: true
  excludeLinksFromLockfile: false

importers:

  .:
    dependencies:
      leftpad:
        specifier: ~0.0.1
        version: 0.0.1
      logfmt:
        specifier: ^1.2.1
        version: 1.4.0

packages:

  leftpad@0.0.1:
    resolution: {integrity: sha512-kBAuxBQJlJ85LDc+SnGSX6gWJnJR9Qk4lbgXmz/qPfCOCieCk7BgoN3YvzoNr5BUjqxQDOQxawJJvXXd6c+6Mg==}
    deprecated: Use the built-in String.padStart function instead

  logfmt@1.4.0:
    resolution: {integrity: sha512-p1Ow0C2dDJYaQBhRHt+HVMP6ELuBm4jYSYNHPMfz0J5wJ9qA6/7oBOlBZBfT1InqguTYcvJzNea5FItDxTcbyw==}
    hasBin: true

  split@0.2.10:
    resolution: {integrity: sha512-e0pKq+UUH2Xq/sXbYpZBZc3BawsfDZ7dgv+JtRTUPNcvF5CMR4Y9cvJqkMY0MoxWzTHvZuz1beg6pNEKlszPiQ==}

  through@2.3.8:
    resolution: {integrity: sha512-w89qg7PI8wAdvX60bMDP+bFoD5Dvhm9oLheFp5O4a2QF0cSBGsBX4qZmadPMvVqlLJBBci+WqGGOAPvcDeNSVg==}

snapshots:

  leftpad@0.0.1: {}

  logfmt@1.4.0:
    dependencies:
      split: 0.2.10
      through: 2.3.8

  split@0.2.10:
    dependencies:
      through: 2.3.8

  through@2.3.8: {}
